{
  "version": 4,
  "terraform_version": "1.9.8",
  "serial": 17,
  "lineage": "1591e493-ca61-b3df-2f4a-87c9dd321bbf",
  "outputs": {
    "Repository_url": {
      "value": "git://github.com/Nitin-Mehta16/Terraform-Automation_1.git",
      "type": "string"
    },
    "owner_of_the_github": {
      "value": "Hello, my name is Nitin-Mehta16 and I am owner of this GitHub account",
      "type": "string"
    }
  },
  "resources": [
    {
      "mode": "managed",
      "type": "github_repository",
      "name": "Fist_repo_created_by_terraform",
      "provider": "provider[\"registry.terraform.io/hashicorp/github\"]",
      "instances": [
        {
          "schema_version": 1,
          "attributes": {
            "allow_auto_merge": false,
            "allow_merge_commit": true,
            "allow_rebase_merge": true,
            "allow_squash_merge": true,
            "allow_update_branch": false,
            "archive_on_destroy": null,
            "archived": false,
            "auto_init": true,
            "default_branch": "main",
            "delete_branch_on_merge": false,
            "description": "1st Repository created by Terraform",
            "etag": "W/\"e71a9f1a80f10b891c12be9564ebedadd63fa34159a379674851870a06961c32\"",
            "full_name": "Nitin-Mehta16/Terraform-Automation_1",
            "git_clone_url": "git://github.com/Nitin-Mehta16/Terraform-Automation_1.git",
            "gitignore_template": null,
            "has_discussions": false,
            "has_downloads": false,
            "has_issues": false,
            "has_projects": false,
            "has_wiki": false,
            "homepage_url": "",
            "html_url": "https://github.com/Nitin-Mehta16/Terraform-Automation_1",
            "http_clone_url": "https://github.com/Nitin-Mehta16/Terraform-Automation_1.git",
            "id": "Terraform-Automation_1",
            "ignore_vulnerability_alerts_during_read": null,
            "is_template": false,
            "license_template": null,
            "merge_commit_message": "PR_TITLE",
            "merge_commit_title": "MERGE_MESSAGE",
            "name": "Terraform-Automation_1",
            "node_id": "R_kgDOOoYGYA",
            "pages": [],
            "primary_language": "",
            "private": false,
            "repo_id": 981861984,
            "security_and_analysis": [
              {
                "advanced_security": [],
                "secret_scanning": [
                  {
                    "status": "enabled"
                  }
                ],
                "secret_scanning_push_protection": [
                  {
                    "status": "enabled"
                  }
                ]
              }
            ],
            "squash_merge_commit_message": "COMMIT_MESSAGES",
            "squash_merge_commit_title": "COMMIT_OR_PR_TITLE",
            "ssh_clone_url": "git@github.com:Nitin-Mehta16/Terraform-Automation_1.git",
            "svn_url": "https://github.com/Nitin-Mehta16/Terraform-Automation_1",
            "template": [],
            "topics": [],
            "visibility": "public",
            "vulnerability_alerts": false,
            "web_commit_signoff_required": false
          },
          "sensitive_attributes": [],
          "private": "eyJzY2hlbWFfdmVyc2lvbiI6IjEifQ=="
        }
      ]
    },
    {
      "mode": "managed",
      "type": "github_repository",
      "name": "Second_repo_created_by_terraform",
      "provider": "provider[\"registry.terraform.io/hashicorp/github\"]",
      "instances": [
        {
          "schema_version": 1,
          "attributes": {
            "allow_auto_merge": false,
            "allow_merge_commit": true,
            "allow_rebase_merge": true,
            "allow_squash_merge": true,
            "allow_update_branch": false,
            "archive_on_destroy": null,
            "archived": false,
            "auto_init": true,
            "default_branch": "main",
            "delete_branch_on_merge": false,
            "description": "2nd Repository created by Terraform",
            "etag": "W/\"d4fecb57f5f7a89ea115ff74a37b6bd52f9fd39c4fe35397676747523db24636\"",
            "full_name": "Nitin-Mehta16/Terraform-Automation_2",
            "git_clone_url": "git://github.com/Nitin-Mehta16/Terraform-Automation_2.git",
            "gitignore_template": null,
            "has_discussions": false,
            "has_downloads": false,
            "has_issues": false,
            "has_projects": false,
            "has_wiki": false,
            "homepage_url": "",
            "html_url": "https://github.com/Nitin-Mehta16/Terraform-Automation_2",
            "http_clone_url": "https://github.com/Nitin-Mehta16/Terraform-Automation_2.git",
            "id": "Terraform-Automation_2",
            "ignore_vulnerability_alerts_during_read": null,
            "is_template": false,
            "license_template": null,
            "merge_commit_message": "PR_TITLE",
            "merge_commit_title": "MERGE_MESSAGE",
            "name": "Terraform-Automation_2",
            "node_id": "R_kgDOOoYGbg",
            "pages": [],
            "primary_language": "",
            "private": false,
            "repo_id": 981861998,
            "security_and_analysis": [
              {
                "advanced_security": [],
                "secret_scanning": [
                  {
                    "status": "enabled"
                  }
                ],
                "secret_scanning_push_protection": [
                  {
                    "status": "enabled"
                  }
                ]
              }
            ],
            "squash_merge_commit_message": "COMMIT_MESSAGES",
            "squash_merge_commit_title": "COMMIT_OR_PR_TITLE",
            "ssh_clone_url": "git@github.com:Nitin-Mehta16/Terraform-Automation_2.git",
            "svn_url": "https://github.com/Nitin-Mehta16/Terraform-Automation_2",
            "template": [],
            "topics": [],
            "visibility": "public",
            "vulnerability_alerts": false,
            "web_commit_signoff_required": false
          },
          "sensitive_attributes": [],
          "private": "eyJzY2hlbWFfdmVyc2lvbiI6IjEifQ=="
        }
      ]
    }
  ],
  "check_results": null
}
