{
  "version": 4,
  "terraform_version": "1.9.8",
  "serial": 18,
  "lineage": "4af9fb11-1ec9-65a2-a7cd-9ca7990611d2",
  "outputs": {},
  "resources": [
    {
      "mode": "managed",
      "type": "github_repository",
      "name": "Terraform-Automation",
      "provider": "provider[\"registry.terraform.io/hashicorp/github\"]",
      "instances": [
        {
          "schema_version": 1,
          "attributes": {
            "allow_auto_merge": false,
            "allow_merge_commit": true,
            "allow_rebase_merge": true,
            "allow_squash_merge": true,
            "allow_update_branch": false,
            "archive_on_destroy": null,
            "archived": false,
            "auto_init": true,
            "default_branch": "main",
            "delete_branch_on_merge": false,
            "description": "2nd Repository created by Terraform",
            "etag": "W/\"2e3cd2b45f5b2356c11f0ec94b5be177b760c564760b04ef14dd1d77ccda7a78\"",
            "full_name": "Nitin-Mehta16/Terraform-Automation2",
            "git_clone_url": "git://github.com/Nitin-Mehta16/Terraform-Automation2.git",
            "gitignore_template": null,
            "has_discussions": false,
            "has_downloads": false,
            "has_issues": false,
            "has_projects": false,
            "has_wiki": false,
            "homepage_url": "",
            "html_url": "https://github.com/Nitin-Mehta16/Terraform-Automation2",
            "http_clone_url": "https://github.com/Nitin-Mehta16/Terraform-Automation2.git",
            "id": "Terraform-Automation2",
            "ignore_vulnerability_alerts_during_read": null,
            "is_template": false,
            "license_template": null,
            "merge_commit_message": "PR_TITLE",
            "merge_commit_title": "MERGE_MESSAGE",
            "name": "Terraform-Automation2",
            "node_id": "R_kgDOOoXqcg",
            "pages": [],
            "primary_language": "",
            "private": false,
            "repo_id": 981854834,
            "security_and_analysis": [
              {
                "advanced_security": [],
                "secret_scanning": [
                  {
                    "status": "enabled"
                  }
                ],
                "secret_scanning_push_protection": [
                  {
                    "status": "enabled"
                  }
                ]
              }
            ],
            "squash_merge_commit_message": "COMMIT_MESSAGES",
            "squash_merge_commit_title": "COMMIT_OR_PR_TITLE",
            "ssh_clone_url": "git@github.com:Nitin-Mehta16/Terraform-Automation2.git",
            "svn_url": "https://github.com/Nitin-Mehta16/Terraform-Automation2",
            "template": [],
            "topics": [],
            "visibility": "public",
            "vulnerability_alerts": false,
            "web_commit_signoff_required": false
          },
          "sensitive_attributes": [],
          "private": "eyJzY2hlbWFfdmVyc2lvbiI6IjEifQ=="
        }
      ]
    },
    {
      "mode": "managed",
      "type": "github_repository",
      "name": "name_in_local_machine",
      "provider": "provider[\"registry.terraform.io/hashicorp/github\"]",
      "instances": [
        {
          "schema_version": 1,
          "attributes": {
            "allow_auto_merge": false,
            "allow_merge_commit": true,
            "allow_rebase_merge": true,
            "allow_squash_merge": true,
            "allow_update_branch": false,
            "archive_on_destroy": null,
            "archived": false,
            "auto_init": true,
            "default_branch": "main",
            "delete_branch_on_merge": false,
            "description": "Repository created by Terraform",
            "etag": "W/\"06119adee284e9196d7df0c016b6a05a434ca78005af43990753834cafc5391f\"",
            "full_name": "Nitin-Mehta16/Terraform-Automation",
            "git_clone_url": "git://github.com/Nitin-Mehta16/Terraform-Automation.git",
            "gitignore_template": null,
            "has_discussions": false,
            "has_downloads": false,
            "has_issues": false,
            "has_projects": false,
            "has_wiki": false,
            "homepage_url": "",
            "html_url": "https://github.com/Nitin-Mehta16/Terraform-Automation",
            "http_clone_url": "https://github.com/Nitin-Mehta16/Terraform-Automation.git",
            "id": "Terraform-Automation",
            "ignore_vulnerability_alerts_during_read": null,
            "is_template": false,
            "license_template": null,
            "merge_commit_message": "PR_TITLE",
            "merge_commit_title": "MERGE_MESSAGE",
            "name": "Terraform-Automation",
            "node_id": "R_kgDOOoXqfw",
            "pages": [],
            "primary_language": "",
            "private": false,
            "repo_id": 981854847,
            "security_and_analysis": [
              {
                "advanced_security": [],
                "secret_scanning": [
                  {
                    "status": "enabled"
                  }
                ],
                "secret_scanning_push_protection": [
                  {
                    "status": "enabled"
                  }
                ]
              }
            ],
            "squash_merge_commit_message": "COMMIT_MESSAGES",
            "squash_merge_commit_title": "COMMIT_OR_PR_TITLE",
            "ssh_clone_url": "git@github.com:Nitin-Mehta16/Terraform-Automation.git",
            "svn_url": "https://github.com/Nitin-Mehta16/Terraform-Automation",
            "template": [],
            "topics": [],
            "visibility": "public",
            "vulnerability_alerts": false,
            "web_commit_signoff_required": false
          },
          "sensitive_attributes": [],
          "private": "eyJzY2hlbWFfdmVyc2lvbiI6IjEifQ=="
        }
      ]
    }
  ],
  "check_results": null
}
